
Microsoft Visual Studio Solution File, Format Version 12.00
# Visual Studio Version 17
VisualStudioVersion = 17.2.32630.192
MinimumVisualStudioVersion = 10.0.40219.1
Project("{FAE04EC0-301F-11D3-BF4B-00C04F79EFBC}") = "RazorPagesMovies", "RazorPagesMovies\RazorPagesMovies.csproj", "{2FAFA5C5-44C5-4E28-A83A-F6C02B35EC76}"
EndProject
Global
	GlobalSection(SolutionConfigurationPlatforms) = preSolution
		Debug|Any CPU = Debug|Any CPU
		Release|Any CPU = Release|Any CPU
	EndGlobalSection
	GlobalSection(ProjectConfigurationPlatforms) = postSolution
		{2FAFA5C5-44C5-4E28-A83A-F6C02B35EC76}.Debug|Any CPU.ActiveCfg = Debug|Any CPU
		{2FAFA5C5-44C5-4E28-A83A-F6C02B35EC76}.Debug|Any CPU.Build.0 = Debug|Any CPU
		{2FAFA5C5-44C5-4E28-A83A-F6C02B35EC76}.Release|Any CPU.ActiveCfg = Release|Any CPU
		{2FAFA5C5-44C5-4E28-A83A-F6C02B35EC76}.Release|Any CPU.Build.0 = Release|Any CPU
	EndGlobalSection
	GlobalSection(SolutionProperties) = preSolution
		HideSolutionNode = FALSE
	EndGlobalSection
	GlobalSection(ExtensibilityGlobals) = postSolution
		SolutionGuid = {4A04B2BB-D668-42EF-9A02-7BFE9255DE67}
	EndGlobalSection
EndGlobal
